{
  "requires": true,
  "lockfileVersion": 1,
  "dependencies": {
    "@types/bytebuffer": {
      "version": "5.0.37",
      "resolved": "http://registry.npm.taobao.org/@types/bytebuffer/download/@types/bytebuffer-5.0.37.tgz",
      "integrity": "sha1-eVwAgs+4xDpM86j8l9EI7HbllXk=",
      "requires": {
        "@types/long": "4.0.0",
        "@types/node": "10.7.1"
      }
    },
    "@types/long": {
      "version": "4.0.0",
      "resolved": "http://registry.npm.taobao.org/@types/long/download/@types/long-4.0.0.tgz",
      "integrity": "sha1-cZVR0jUtMBrIuB23Mqy2vcKNve8="
    },
    "@types/node": {
      "version": "10.7.1",
      "resolved": "http://registry.npm.taobao.org/@types/node/download/@types/node-10.7.1.tgz",
      "integrity": "sha1-twTXwlmqQO4FLuxnh1imjQcTKi4="
    },
    "bytebuffer": {
      "version": "5.0.1",
      "resolved": "http://registry.npm.taobao.org/bytebuffer/download/bytebuffer-5.0.1.tgz",
      "integrity": "sha1-WC7qSxqHO20CCkjVjfhfC7ps/d0=",
      "requires": {
        "long": "3.2.0"
      }
    },
    "long": {
      "version": "3.2.0",
      "resolved": "http://registry.npm.taobao.org/long/download/long-3.2.0.tgz",
      "integrity": "sha1-2CG3E4yhy1gcFymQ7xTbIAtcR0s="
    }
  }
}
