{
  "requires": true,
  "lockfileVersion": 1,
  "dependencies": {
    "bytebuffer": {
      "version": "git://github.com/dcodeIO/bytebuffer.js.git#fbefed78513615946731c059e2597732adde0d97",
      "requires": {
        "long": "3.2.0"
      }
    },
    "long": {
      "version": "3.2.0",
      "resolved": "https://registry.npmjs.org/long/-/long-3.2.0.tgz",
      "integrity": "sha1-2CG3E4yhy1gcFymQ7xTbIAtcR0s="
    }
  }
}
